
Microsoft Visual Studio Solution File, Format Version 12.00
# Visual Studio Version 16
VisualStudioVersion = 16.0.30804.86
MinimumVisualStudioVersion = 10.0.40219.1
Project("{FAE04EC0-301F-11D3-BF4B-00C04F79EFBC}") = "projetconge", "projetconge\projetconge.csproj", "{EE481BDD-A17F-46B9-AA09-24A2DC13E5BE}"
EndProject
Global
	GlobalSection(SolutionConfigurationPlatforms) = preSolution
		Debug|Any CPU = Debug|Any CPU
		Release|Any CPU = Release|Any CPU
	EndGlobalSection
	GlobalSection(ProjectConfigurationPlatforms) = postSolution
		{EE481BDD-A17F-46B9-AA09-24A2DC13E5BE}.Debug|Any CPU.ActiveCfg = Debug|Any CPU
		{EE481BDD-A17F-46B9-AA09-24A2DC13E5BE}.Debug|Any CPU.Build.0 = Debug|Any CPU
		{EE481BDD-A17F-46B9-AA09-24A2DC13E5BE}.Release|Any CPU.ActiveCfg = Release|Any CPU
		{EE481BDD-A17F-46B9-AA09-24A2DC13E5BE}.Release|Any CPU.Build.0 = Release|Any CPU
	EndGlobalSection
	GlobalSection(SolutionProperties) = preSolution
		HideSolutionNode = FALSE
	EndGlobalSection
	GlobalSection(ExtensibilityGlobals) = postSolution
		SolutionGuid = {3473165D-37A3-482D-B96F-7C6BCF6A3BCD}
	EndGlobalSection
EndGlobal
